
Microsoft Visual Studio Solution File, Format Version 12.00
# Visual Studio Version 17
VisualStudioVersion = 17.10.35027.167
MinimumVisualStudioVersion = 10.0.40219.1
Project("{FC65038C-1B2F-41E1-A629-BED71D161FFF}") = "CafeMaster (USR) [CCD]", "CafeMaster\CafeMaster.rnrproj", "{9454F880-5E5B-4F90-8917-A505C4CD3E96}"
EndProject
Global
	GlobalSection(SolutionConfigurationPlatforms) = preSolution
		Debug|Any CPU = Debug|Any CPU
	EndGlobalSection
	GlobalSection(ProjectConfigurationPlatforms) = postSolution
		{9454F880-5E5B-4F90-8917-A505C4CD3E96}.Debug|Any CPU.ActiveCfg = Debug|Any CPU
		{9454F880-5E5B-4F90-8917-A505C4CD3E96}.Debug|Any CPU.Build.0 = Debug|Any CPU
	EndGlobalSection
	GlobalSection(SolutionProperties) = preSolution
		HideSolutionNode = FALSE
	EndGlobalSection
	GlobalSection(ExtensibilityGlobals) = postSolution
		SolutionGuid = {5947CC53-FB3E-48F2-9709-C594EAB75522}
	EndGlobalSection
EndGlobal
